// !$*UTF8*$!
{
	archiveVersion = 1;
	classes = {
	};
	objectVersion = 46;
	objects = {

/* Begin PBXBuildFile section */
		941D5C18184264D700649D05 /* Foundation.framework in Frameworks */ = {isa = PBXBuildFile; fileRef = 941D5C17184264D700649D05 /* Foundation.framework */; };
		941D5C1A184264D700649D05 /* CoreGraphics.framework in Frameworks */ = {isa = PBXBuildFile; fileRef = 941D5C19184264D700649D05 /* CoreGraphics.framework */; };
		941D5C1C184264D700649D05 /* UIKit.framework in Frameworks */ = {isa = PBXBuildFile; fileRef = 941D5C1B184264D700649D05 /* UIKit.framework */; };
		941D5C22184264D700649D05 /* InfoPlist.strings in Resources */ = {isa = PBXBuildFile; fileRef = 941D5C20184264D700649D05 /* InfoPlist.strings */; };
		941D5C24184264D700649D05 /* main.m in Sources */ = {isa = PBXBuildFile; fileRef = 941D5C23184264D700649D05 /* main.m */; };
		941D5C28184264D700649D05 /* AppDelegate.m in Sources */ = {isa = PBXBuildFile; fileRef = 941D5C27184264D700649D05 /* AppDelegate.m */; };
		941D5C2A184264D700649D05 /* Images.xcassets in Resources */ = {isa = PBXBuildFile; fileRef = 941D5C29184264D700649D05 /* Images.xcassets */; };
		941D5C31184264D700649D05 /* XCTest.framework in Frameworks */ = {isa = PBXBuildFile; fileRef = 941D5C30184264D700649D05 /* XCTest.framework */; };
		941D5C32184264D700649D05 /* Foundation.framework in Frameworks */ = {isa = PBXBuildFile; fileRef = 941D5C17184264D700649D05 /* Foundation.framework */; };
		941D5C33184264D700649D05 /* UIKit.framework in Frameworks */ = {isa = PBXBuildFile; fileRef = 941D5C1B184264D700649D05 /* UIKit.framework */; };
		941D5C3B184264D700649D05 /* InfoPlist.strings in Resources */ = {isa = PBXBuildFile; fileRef = 941D5C39184264D700649D05 /* InfoPlist.strings */; };
		941D5C3D184264D700649D05 /* ABMExpandingTableViewCellsTests.m in Sources */ = {isa = PBXBuildFile; fileRef = 941D5C3C184264D700649D05 /* ABMExpandingTableViewCellsTests.m */; };
		941D5C471842652100649D05 /* iPhone.storyboard in Resources */ = {isa = PBXBuildFile; fileRef = 941D5C461842652100649D05 /* iPhone.storyboard */; };
		941D5C4A184265CB00649D05 /* ExpandingCellDemoVC.m in Sources */ = {isa = PBXBuildFile; fileRef = 941D5C49184265CB00649D05 /* ExpandingCellDemoVC.m */; };
/* End PBXBuildFile section */

/* Begin PBXContainerItemProxy section */
		941D5C34184264D700649D05 /* PBXContainerItemProxy */ = {
			isa = PBXContainerItemProxy;
			containerPortal = 941D5C0C184264D700649D05 /* Project object */;
			proxyType = 1;
			remoteGlobalIDString = 941D5C13184264D700649D05;
			remoteInfo = ABMExpandingTableViewCells;
		};
/* End PBXContainerItemProxy section */

/* Begin PBXFileReference section */
		941D5C14184264D700649D05 /* ABMExpandingTableViewCells.app */ = {isa = PBXFileReference; explicitFileType = wrapper.application; includeInIndex = 0; path = ABMExpandingTableViewCells.app; sourceTree = BUILT_PRODUCTS_DIR; };
		941D5C17184264D700649D05 /* Foundation.framework */ = {isa = PBXFileReference; lastKnownFileType = wrapper.framework; name = Foundation.framework; path = System/Library/Frameworks/Foundation.framework; sourceTree = SDKROOT; };
		941D5C19184264D700649D05 /* CoreGraphics.framework */ = {isa = PBXFileReference; lastKnownFileType = wrapper.framework; name = CoreGraphics.framework; path = System/Library/Frameworks/CoreGraphics.framework; sourceTree = SDKROOT; };
		941D5C1B184264D700649D05 /* UIKit.framework */ = {isa = PBXFileReference; lastKnownFileType = wrapper.framework; name = UIKit.framework; path = System/Library/Frameworks/UIKit.framework; sourceTree = SDKROOT; };
		941D5C1F184264D700649D05 /* ABMExpandingTableViewCells-Info.plist */ = {isa = PBXFileReference; lastKnownFileType = text.plist.xml; path = "ABMExpandingTableViewCells-Info.plist"; sourceTree = "<group>"; };
		941D5C21184264D700649D05 /* en */ = {isa = PBXFileReference; lastKnownFileType = text.plist.strings; name = en; path = en.lproj/InfoPlist.strings; sourceTree = "<group>"; };
		941D5C23184264D700649D05 /* main.m */ = {isa = PBXFileReference; lastKnownFileType = sourcecode.c.objc; path = main.m; sourceTree = "<group>"; };
		941D5C25184264D700649D05 /* ABMExpandingTableViewCells-Prefix.pch */ = {isa = PBXFileReference; lastKnownFileType = sourcecode.c.h; path = "ABMExpandingTableViewCells-Prefix.pch"; sourceTree = "<group>"; };
		941D5C26184264D700649D05 /* AppDelegate.h */ = {isa = PBXFileReference; lastKnownFileType = sourcecode.c.h; path = AppDelegate.h; sourceTree = "<group>"; };
		941D5C27184264D700649D05 /* AppDelegate.m */ = {isa = PBXFileReference; lastKnownFileType = sourcecode.c.objc; path = AppDelegate.m; sourceTree = "<group>"; };
		941D5C29184264D700649D05 /* Images.xcassets */ = {isa = PBXFileReference; lastKnownFileType = folder.assetcatalog; path = Images.xcassets; sourceTree = "<group>"; };
		941D5C2F184264D700649D05 /* ABMExpandingTableViewCellsTests.xctest */ = {isa = PBXFileReference; explicitFileType = wrapper.cfbundle; includeInIndex = 0; path = ABMExpandingTableViewCellsTests.xctest; sourceTree = BUILT_PRODUCTS_DIR; };
		941D5C30184264D700649D05 /* XCTest.framework */ = {isa = PBXFileReference; lastKnownFileType = wrapper.framework; name = XCTest.framework; path = Library/Frameworks/XCTest.framework; sourceTree = DEVELOPER_DIR; };
		941D5C38184264D700649D05 /* ABMExpandingTableViewCellsTests-Info.plist */ = {isa = PBXFileReference; lastKnownFileType = text.plist.xml; path = "ABMExpandingTableViewCellsTests-Info.plist"; sourceTree = "<group>"; };
		941D5C3A184264D700649D05 /* en */ = {isa = PBXFileReference; lastKnownFileType = text.plist.strings; name = en; path = en.lproj/InfoPlist.strings; sourceTree = "<group>"; };
		941D5C3C184264D700649D05 /* ABMExpandingTableViewCellsTests.m */ = {isa = PBXFileReference; lastKnownFileType = sourcecode.c.objc; path = ABMExpandingTableViewCellsTests.m; sourceTree = "<group>"; };
		941D5C461842652100649D05 /* iPhone.storyboard */ = {isa = PBXFileReference; fileEncoding = 4; lastKnownFileType = file.storyboard; name = iPhone.storyboard; path = storyboards/iPhone.storyboard; sourceTree = "<group>"; };
		941D5C48184265CB00649D05 /* ExpandingCellDemoVC.h */ = {isa = PBXFileReference; fileEncoding = 4; lastKnownFileType = sourcecode.c.h; name = ExpandingCellDemoVC.h; path = viewcontrollers/ExpandingCellDemoVC.h; sourceTree = "<group>"; };
		941D5C49184265CB00649D05 /* ExpandingCellDemoVC.m */ = {isa = PBXFileReference; fileEncoding = 4; lastKnownFileType = sourcecode.c.objc; name = ExpandingCellDemoVC.m; path = viewcontrollers/ExpandingCellDemoVC.m; sourceTree = "<group>"; };
/* End PBXFileReference section */

/* Begin PBXFrameworksBuildPhase section */
		941D5C11184264D700649D05 /* Frameworks */ = {
			isa = PBXFrameworksBuildPhase;
			buildActionMask = 2147483647;
			files = (
				941D5C1A184264D700649D05 /* CoreGraphics.framework in Frameworks */,
				941D5C1C184264D700649D05 /* UIKit.framework in Frameworks */,
				941D5C18184264D700649D05 /* Foundation.framework in Frameworks */,
			);
			runOnlyForDeploymentPostprocessing = 0;
		};
		941D5C2C184264D700649D05 /* Frameworks */ = {
			isa = PBXFrameworksBuildPhase;
			buildActionMask = 2147483647;
			files = (
				941D5C31184264D700649D05 /* XCTest.framework in Frameworks */,
				941D5C33184264D700649D05 /* UIKit.framework in Frameworks */,
				941D5C32184264D700649D05 /* Foundation.framework in Frameworks */,
			);
			runOnlyForDeploymentPostprocessing = 0;
		};
/* End PBXFrameworksBuildPhase section */

/* Begin PBXGroup section */
		941D5C0B184264D700649D05 = {
			isa = PBXGroup;
			children = (
				941D5C1D184264D700649D05 /* ABMExpandingTableViewCells */,
				941D5C36184264D700649D05 /* ABMExpandingTableViewCellsTests */,
				941D5C16184264D700649D05 /* Frameworks */,
				941D5C15184264D700649D05 /* Products */,
			);
			sourceTree = "<group>";
		};
		941D5C15184264D700649D05 /* Products */ = {
			isa = PBXGroup;
			children = (
				941D5C14184264D700649D05 /* ABMExpandingTableViewCells.app */,
				941D5C2F184264D700649D05 /* ABMExpandingTableViewCellsTests.xctest */,
			);
			name = Products;
			sourceTree = "<group>";
		};
		941D5C16184264D700649D05 /* Frameworks */ = {
			isa = PBXGroup;
			children = (
				941D5C17184264D700649D05 /* Foundation.framework */,
				941D5C19184264D700649D05 /* CoreGraphics.framework */,
				941D5C1B184264D700649D05 /* UIKit.framework */,
				941D5C30184264D700649D05 /* XCTest.framework */,
			);
			name = Frameworks;
			sourceTree = "<group>";
		};
		941D5C1D184264D700649D05 /* ABMExpandingTableViewCells */ = {
			isa = PBXGroup;
			children = (
				941D5C26184264D700649D05 /* AppDelegate.h */,
				941D5C27184264D700649D05 /* AppDelegate.m */,
				941D5C29184264D700649D05 /* Images.xcassets */,
				941D5C4C184265E400649D05 /* storyboards */,
				941D5C1E184264D700649D05 /* Supporting Files */,
				941D5C4B184265D900649D05 /* view controllers */,
			);
			path = ABMExpandingTableViewCells;
			sourceTree = "<group>";
		};
		941D5C1E184264D700649D05 /* Supporting Files */ = {
			isa = PBXGroup;
			children = (
				941D5C1F184264D700649D05 /* ABMExpandingTableViewCells-Info.plist */,
				941D5C20184264D700649D05 /* InfoPlist.strings */,
				941D5C23184264D700649D05 /* main.m */,
				941D5C25184264D700649D05 /* ABMExpandingTableViewCells-Prefix.pch */,
			);
			name = "Supporting Files";
			sourceTree = "<group>";
		};
		941D5C36184264D700649D05 /* ABMExpandingTableViewCellsTests */ = {
			isa = PBXGroup;
			children = (
				941D5C3C184264D700649D05 /* ABMExpandingTableViewCellsTests.m */,
				941D5C37184264D700649D05 /* Supporting Files */,
			);
			path = ABMExpandingTableViewCellsTests;
			sourceTree = "<group>";
		};
		941D5C37184264D700649D05 /* Supporting Files */ = {
			isa = PBXGroup;
			children = (
				941D5C38184264D700649D05 /* ABMExpandingTableViewCellsTests-Info.plist */,
				941D5C39184264D700649D05 /* InfoPlist.strings */,
			);
			name = "Supporting Files";
			sourceTree = "<group>";
		};
		941D5C4B184265D900649D05 /* view controllers */ = {
			isa = PBXGroup;
			children = (
				941D5C48184265CB00649D05 /* ExpandingCellDemoVC.h */,
				941D5C49184265CB00649D05 /* ExpandingCellDemoVC.m */,
			);
			name = "view controllers";
			sourceTree = "<group>";
		};
		941D5C4C184265E400649D05 /* storyboards */ = {
			isa = PBXGroup;
			children = (
				941D5C461842652100649D05 /* iPhone.storyboard */,
			);
			name = storyboards;
			sourceTree = "<group>";
		};
/* End PBXGroup section */

/* Begin PBXNativeTarget section */
		941D5C13184264D700649D05 /* ABMExpandingTableViewCells */ = {
			isa = PBXNativeTarget;
			buildConfigurationList = 941D5C40184264D700649D05 /* Build configuration list for PBXNativeTarget "ABMExpandingTableViewCells" */;
			buildPhases = (
				941D5C10184264D700649D05 /* Sources */,
				941D5C11184264D700649D05 /* Frameworks */,
				941D5C12184264D700649D05 /* Resources */,
			);
			buildRules = (
			);
			dependencies = (
			);
			name = ABMExpandingTableViewCells;
			productName = ABMExpandingTableViewCells;
			productReference = 941D5C14184264D700649D05 /* ABMExpandingTableViewCells.app */;
			productType = "com.apple.product-type.application";
		};
		941D5C2E184264D700649D05 /* ABMExpandingTableViewCellsTests */ = {
			isa = PBXNativeTarget;
			buildConfigurationList = 941D5C43184264D700649D05 /* Build configuration list for PBXNativeTarget "ABMExpandingTableViewCellsTests" */;
			buildPhases = (
				941D5C2B184264D700649D05 /* Sources */,
				941D5C2C184264D700649D05 /* Frameworks */,
				941D5C2D184264D700649D05 /* Resources */,
			);
			buildRules = (
			);
			dependencies = (
				941D5C35184264D700649D05 /* PBXTargetDependency */,
			);
			name = ABMExpandingTableViewCellsTests;
			productName = ABMExpandingTableViewCellsTests;
			productReference = 941D5C2F184264D700649D05 /* ABMExpandingTableViewCellsTests.xctest */;
			productType = "com.apple.product-type.bundle.unit-test";
		};
/* End PBXNativeTarget section */

/* Begin PBXProject section */
		941D5C0C184264D700649D05 /* Project object */ = {
			isa = PBXProject;
			attributes = {
				LastUpgradeCheck = 0500;
				ORGANIZATIONNAME = aberger.me;
				TargetAttributes = {
					941D5C2E184264D700649D05 = {
						TestTargetID = 941D5C13184264D700649D05;
					};
				};
			};
			buildConfigurationList = 941D5C0F184264D700649D05 /* Build configuration list for PBXProject "ABMExpandingTableViewCells" */;
			compatibilityVersion = "Xcode 3.2";
			developmentRegion = English;
			hasScannedForEncodings = 0;
			knownRegions = (
				en,
			);
			mainGroup = 941D5C0B184264D700649D05;
			productRefGroup = 941D5C15184264D700649D05 /* Products */;
			projectDirPath = "";
			projectRoot = "";
			targets = (
				941D5C13184264D700649D05 /* ABMExpandingTableViewCells */,
				941D5C2E184264D700649D05 /* ABMExpandingTableViewCellsTests */,
			);
		};
/* End PBXProject section */

/* Begin PBXResourcesBuildPhase section */
		941D5C12184264D700649D05 /* Resources */ = {
			isa = PBXResourcesBuildPhase;
			buildActionMask = 2147483647;
			files = (
				941D5C22184264D700649D05 /* InfoPlist.strings in Resources */,
				941D5C471842652100649D05 /* iPhone.storyboard in Resources */,
				941D5C2A184264D700649D05 /* Images.xcassets in Resources */,
			);
			runOnlyForDeploymentPostprocessing = 0;
		};
		941D5C2D184264D700649D05 /* Resources */ = {
			isa = PBXResourcesBuildPhase;
			buildActionMask = 2147483647;
			files = (
				941D5C3B184264D700649D05 /* InfoPlist.strings in Resources */,
			);
			runOnlyForDeploymentPostprocessing = 0;
		};
/* End PBXResourcesBuildPhase section */

/* Begin PBXSourcesBuildPhase section */
		941D5C10184264D700649D05 /* Sources */ = {
			isa = PBXSourcesBuildPhase;
			buildActionMask = 2147483647;
			files = (
				941D5C28184264D700649D05 /* AppDelegate.m in Sources */,
				941D5C4A184265CB00649D05 /* ExpandingCellDemoVC.m in Sources */,
				941D5C24184264D700649D05 /* main.m in Sources */,
			);
			runOnlyForDeploymentPostprocessing = 0;
		};
		941D5C2B184264D700649D05 /* Sources */ = {
			isa = PBXSourcesBuildPhase;
			buildActionMask = 2147483647;
			files = (
				941D5C3D184264D700649D05 /* ABMExpandingTableViewCellsTests.m in Sources */,
			);
			runOnlyForDeploymentPostprocessing = 0;
		};
/* End PBXSourcesBuildPhase section */

/* Begin PBXTargetDependency section */
		941D5C35184264D700649D05 /* PBXTargetDependency */ = {
			isa = PBXTargetDependency;
			target = 941D5C13184264D700649D05 /* ABMExpandingTableViewCells */;
			targetProxy = 941D5C34184264D700649D05 /* PBXContainerItemProxy */;
		};
/* End PBXTargetDependency section */

/* Begin PBXVariantGroup section */
		941D5C20184264D700649D05 /* InfoPlist.strings */ = {
			isa = PBXVariantGroup;
			children = (
				941D5C21184264D700649D05 /* en */,
			);
			name = InfoPlist.strings;
			sourceTree = "<group>";
		};
		941D5C39184264D700649D05 /* InfoPlist.strings */ = {
			isa = PBXVariantGroup;
			children = (
				941D5C3A184264D700649D05 /* en */,
			);
			name = InfoPlist.strings;
			sourceTree = "<group>";
		};
/* End PBXVariantGroup section */

/* Begin XCBuildConfiguration section */
		941D5C3E184264D700649D05 /* Debug */ = {
			isa = XCBuildConfiguration;
			buildSettings = {
				ALWAYS_SEARCH_USER_PATHS = NO;
				ARCHS = "$(ARCHS_STANDARD_INCLUDING_64_BIT)";
				CLANG_CXX_LANGUAGE_STANDARD = "gnu++0x";
				CLANG_CXX_LIBRARY = "libc++";
				CLANG_ENABLE_MODULES = YES;
				CLANG_ENABLE_OBJC_ARC = YES;
				CLANG_WARN_BOOL_CONVERSION = YES;
				CLANG_WARN_CONSTANT_CONVERSION = YES;
				CLANG_WARN_DIRECT_OBJC_ISA_USAGE = YES_ERROR;
				CLANG_WARN_EMPTY_BODY = YES;
				CLANG_WARN_ENUM_CONVERSION = YES;
				CLANG_WARN_INT_CONVERSION = YES;
				CLANG_WARN_OBJC_ROOT_CLASS = YES_ERROR;
				CLANG_WARN__DUPLICATE_METHOD_MATCH = YES;
				"CODE_SIGN_IDENTITY[sdk=iphoneos*]" = "iPhone Developer";
				COPY_PHASE_STRIP = NO;
				GCC_C_LANGUAGE_STANDARD = gnu99;
				GCC_DYNAMIC_NO_PIC = NO;
				GCC_OPTIMIZATION_LEVEL = 0;
				GCC_PREPROCESSOR_DEFINITIONS = (
					"DEBUG=1",
					"$(inherited)",
				);
				GCC_SYMBOLS_PRIVATE_EXTERN = NO;
				GCC_WARN_64_TO_32_BIT_CONVERSION = YES;
				GCC_WARN_ABOUT_RETURN_TYPE = YES_ERROR;
				GCC_WARN_UNDECLARED_SELECTOR = YES;
				GCC_WARN_UNINITIALIZED_AUTOS = YES;
				GCC_WARN_UNUSED_FUNCTION = YES;
				GCC_WARN_UNUSED_VARIABLE = YES;
				IPHONEOS_DEPLOYMENT_TARGET = 7.0;
				ONLY_ACTIVE_ARCH = YES;
				SDKROOT = iphoneos;
			};
			name = Debug;
		};
		941D5C3F184264D700649D05 /* Release */ = {
			isa = XCBuildConfiguration;
			buildSettings = {
				ALWAYS_SEARCH_USER_PATHS = NO;
				ARCHS = "$(ARCHS_STANDARD_INCLUDING_64_BIT)";
				CLANG_CXX_LANGUAGE_STANDARD = "gnu++0x";
				CLANG_CXX_LIBRARY = "libc++";
				CLANG_ENABLE_MODULES = YES;
				CLANG_ENABLE_OBJC_ARC = YES;
				CLANG_WARN_BOOL_CONVERSION = YES;
				CLANG_WARN_CONSTANT_CONVERSION = YES;
				CLANG_WARN_DIRECT_OBJC_ISA_USAGE = YES_ERROR;
				CLANG_WARN_EMPTY_BODY = YES;
				CLANG_WARN_ENUM_CONVERSION = YES;
				CLANG_WARN_INT_CONVERSION = YES;
				CLANG_WARN_OBJC_ROOT_CLASS = YES_ERROR;
				CLANG_WARN__DUPLICATE_METHOD_MATCH = YES;
				"CODE_SIGN_IDENTITY[sdk=iphoneos*]" = "iPhone Developer";
				COPY_PHASE_STRIP = YES;
				ENABLE_NS_ASSERTIONS = NO;
				GCC_C_LANGUAGE_STANDARD = gnu99;
				GCC_WARN_64_TO_32_BIT_CONVERSION = YES;
				GCC_WARN_ABOUT_RETURN_TYPE = YES_ERROR;
				GCC_WARN_UNDECLARED_SELECTOR = YES;
				GCC_WARN_UNINITIALIZED_AUTOS = YES;
				GCC_WARN_UNUSED_FUNCTION = YES;
				GCC_WARN_UNUSED_VARIABLE = YES;
				IPHONEOS_DEPLOYMENT_TARGET = 7.0;
				SDKROOT = iphoneos;
				VALIDATE_PRODUCT = YES;
			};
			name = Release;
		};
		941D5C41184264D700649D05 /* Debug */ = {
			isa = XCBuildConfiguration;
			buildSettings = {
				ASSETCATALOG_COMPILER_APPICON_NAME = AppIcon;
				ASSETCATALOG_COMPILER_LAUNCHIMAGE_NAME = LaunchImage;
				GCC_PRECOMPILE_PREFIX_HEADER = YES;
				GCC_PREFIX_HEADER = "ABMExpandingTableViewCells/ABMExpandingTableViewCells-Prefix.pch";
				INFOPLIST_FILE = "ABMExpandingTableViewCells/ABMExpandingTableViewCells-Info.plist";
				PRODUCT_NAME = "$(TARGET_NAME)";
				WRAPPER_EXTENSION = app;
			};
			name = Debug;
		};
		941D5C42184264D700649D05 /* Release */ = {
			isa = XCBuildConfiguration;
			buildSettings = {
				ASSETCATALOG_COMPILER_APPICON_NAME = AppIcon;
				ASSETCATALOG_COMPILER_LAUNCHIMAGE_NAME = LaunchImage;
				GCC_PRECOMPILE_PREFIX_HEADER = YES;
				GCC_PREFIX_HEADER = "ABMExpandingTableViewCells/ABMExpandingTableViewCells-Prefix.pch";
				INFOPLIST_FILE = "ABMExpandingTableViewCells/ABMExpandingTableViewCells-Info.plist";
				PRODUCT_NAME = "$(TARGET_NAME)";
				WRAPPER_EXTENSION = app;
			};
			name = Release;
		};
		941D5C44184264D700649D05 /* Debug */ = {
			isa = XCBuildConfiguration;
			buildSettings = {
				ARCHS = "$(ARCHS_STANDARD_INCLUDING_64_BIT)";
				BUNDLE_LOADER = "$(BUILT_PRODUCTS_DIR)/ABMExpandingTableViewCells.app/ABMExpandingTableViewCells";
				FRAMEWORK_SEARCH_PATHS = (
					"$(SDKROOT)/Developer/Library/Frameworks",
					"$(inherited)",
					"$(DEVELOPER_FRAMEWORKS_DIR)",
				);
				GCC_PRECOMPILE_PREFIX_HEADER = YES;
				GCC_PREFIX_HEADER = "ABMExpandingTableViewCells/ABMExpandingTableViewCells-Prefix.pch";
				GCC_PREPROCESSOR_DEFINITIONS = (
					"DEBUG=1",
					"$(inherited)",
				);
				INFOPLIST_FILE = "ABMExpandingTableViewCellsTests/ABMExpandingTableViewCellsTests-Info.plist";
				PRODUCT_NAME = "$(TARGET_NAME)";
				TEST_HOST = "$(BUNDLE_LOADER)";
				WRAPPER_EXTENSION = xctest;
			};
			name = Debug;
		};
		941D5C45184264D700649D05 /* Release */ = {
			isa = XCBuildConfiguration;
			buildSettings = {
				ARCHS = "$(ARCHS_STANDARD_INCLUDING_64_BIT)";
				BUNDLE_LOADER = "$(BUILT_PRODUCTS_DIR)/ABMExpandingTableViewCells.app/ABMExpandingTableViewCells";
				FRAMEWORK_SEARCH_PATHS = (
					"$(SDKROOT)/Developer/Library/Frameworks",
					"$(inherited)",
					"$(DEVELOPER_FRAMEWORKS_DIR)",
				);
				GCC_PRECOMPILE_PREFIX_HEADER = YES;
				GCC_PREFIX_HEADER = "ABMExpandingTableViewCells/ABMExpandingTableViewCells-Prefix.pch";
				INFOPLIST_FILE = "ABMExpandingTableViewCellsTests/ABMExpandingTableViewCellsTests-Info.plist";
				PRODUCT_NAME = "$(TARGET_NAME)";
				TEST_HOST = "$(BUNDLE_LOADER)";
				WRAPPER_EXTENSION = xctest;
			};
			name = Release;
		};
/* End XCBuildConfiguration section */

/* Begin XCConfigurationList section */
		941D5C0F184264D700649D05 /* Build configuration list for PBXProject "ABMExpandingTableViewCells" */ = {
			isa = XCConfigurationList;
			buildConfigurations = (
				941D5C3E184264D700649D05 /* Debug */,
				941D5C3F184264D700649D05 /* Release */,
			);
			defaultConfigurationIsVisible = 0;
			defaultConfigurationName = Release;
		};
		941D5C40184264D700649D05 /* Build configuration list for PBXNativeTarget "ABMExpandingTableViewCells" */ = {
			isa = XCConfigurationList;
			buildConfigurations = (
				941D5C41184264D700649D05 /* Debug */,
				941D5C42184264D700649D05 /* Release */,
			);
			defaultConfigurationIsVisible = 0;
			defaultConfigurationName = Release;
		};
		941D5C43184264D700649D05 /* Build configuration list for PBXNativeTarget "ABMExpandingTableViewCellsTests" */ = {
			isa = XCConfigurationList;
			buildConfigurations = (
				941D5C44184264D700649D05 /* Debug */,
				941D5C45184264D700649D05 /* Release */,
			);
			defaultConfigurationIsVisible = 0;
			defaultConfigurationName = Release;
		};
/* End XCConfigurationList section */
	};
	rootObject = 941D5C0C184264D700649D05 /* Project object */;
}
